// !$*UTF8*$!
{
	archiveVersion = 1;
	classes = {
	};
	objectVersion = 77;
	objects = {

/* Begin PBXBuildFile section */
		000E06A8286FCC8D0080FE7D /* WeatherWidget.swift in Sources */ = {isa = PBXBuildFile; fileRef = 07D556CBEA57577112B9EBDF /* WeatherWidget.swift */; };
		001CD074E672EC8CE2F28537 /* AboutWindowController.swift in Sources */ = {isa = PBXBuildFile; fileRef = 7A63505B7529C7C44D5959C4 /* AboutWindowController.swift */; };
		0149148E1C003391B40B888E /* CalculatorWidget.swift in Sources */ = {isa = PBXBuildFile; fileRef = 7FE4AFB1B810C8662CB11056 /* CalculatorWidget.swift */; };
		0CB3FB792952E255B7D1B552 /* NotificationsPaneViewController.swift in Sources */ = {isa = PBXBuildFile; fileRef = 4E802CEBC65E823AFD73DA3C /* NotificationsPaneViewController.swift */; };
		1C6764BBA02AE41C8438F479 /* SoundPaneViewController.swift in Sources */ = {isa = PBXBuildFile; fileRef = EA5A7D9063BD46435C813785 /* SoundPaneViewController.swift */; };
		1EE50143FED34E4A794E0B52 /* CoverFlowViewController.swift in Sources */ = {isa = PBXBuildFile; fileRef = 5FCCA57DCAC9F4CDCC4E4DBF /* CoverFlowViewController.swift */; };
		1FD4ECD215D3FFDFEBC5626C /* PaneRegistry.swift in Sources */ = {isa = PBXBuildFile; fileRef = 8223C2A4FA204E7B12993651 /* PaneRegistry.swift */; };
		2128974C126E0996F2912E7A /* ScreenSaver.framework in Frameworks */ = {isa = PBXBuildFile; fileRef = 474FEFACB65F060988AB2834 /* ScreenSaver.framework */; };
		25AA6035DAB1F5F6E225105B /* AquaControls.swift in Sources */ = {isa = PBXBuildFile; fileRef = 939684FD4DACC30D57755BAF /* AquaControls.swift */; };
		2ACB6E3CDA77055E7A72F4DD /* AppIcon.icns in Resources */ = {isa = PBXBuildFile; fileRef = AE226221E63EC651ADA7341E /* AppIcon.icns */; };
		2FA55C0DA754BA92B805DE3A /* StickyNoteWidget.swift in Sources */ = {isa = PBXBuildFile; fileRef = 59EDAF49E0F2B602439B78EF /* StickyNoteWidget.swift */; };
		2FA5E5A702E7CDBD17FB7ED4 /* SnowLeopardNavControl.swift in Sources */ = {isa = PBXBuildFile; fileRef = 53B5373CCB8768F111AFE817 /* SnowLeopardNavControl.swift */; };
		3277ADA6DBA4E5CBA122582F /* BatteryPaneViewController.swift in Sources */ = {isa = PBXBuildFile; fileRef = 8109E48B9BBCB5B9452724FE /* BatteryPaneViewController.swift */; };
		3391213837A31C537E1EC23F /* UnitConverterWidget.swift in Sources */ = {isa = PBXBuildFile; fileRef = 919235BC2B74926773F679B0 /* UnitConverterWidget.swift */; };
		35C54D4DDE0220DA4B1AEDCF /* DockPaneViewController.swift in Sources */ = {isa = PBXBuildFile; fileRef = CFCDD499F5EFEB40577906CD /* DockPaneViewController.swift */; };
		35ECB317A752439FB5569479 /* LockScreenPaneViewController.swift in Sources */ = {isa = PBXBuildFile; fileRef = 6D1BA282206E72872FCB9C9E /* LockScreenPaneViewController.swift */; };
		383CA854DE6BA30F757DF29B /* NetworkPaneViewController.swift in Sources */ = {isa = PBXBuildFile; fileRef = 926537F0C34FAF97DA99D916 /* NetworkPaneViewController.swift */; };
		39156C8354B6ED34A231CA4C /* MouseTrackpadPaneViewController.swift in Sources */ = {isa = PBXBuildFile; fileRef = 2921BADF3D5EAD2A05E5A4C7 /* MouseTrackpadPaneViewController.swift */; };
		394E87F6F72C3D03EDA0988B /* DashboardPersistence.swift in Sources */ = {isa = PBXBuildFile; fileRef = 3E2D6734CCFA6D8E8F6742FC /* DashboardPersistence.swift */; };
		40FC0B003E4CDF759C85CD73 /* GeneralPaneViewController.swift in Sources */ = {isa = PBXBuildFile; fileRef = A54B4B3E606B24DB7E70F1C1 /* GeneralPaneViewController.swift */; };
		43B376C2308371A3886A71A1 /* DisplaysPaneViewController.swift in Sources */ = {isa = PBXBuildFile; fileRef = 79D05BDA76F61FD79631BD98 /* DisplaysPaneViewController.swift */; };
		4D55A9FF53B05D87E06754C3 /* main.swift in Sources */ = {isa = PBXBuildFile; fileRef = 3BCC1589FD67299AE27F565B /* main.swift */; };
		53D9C59F7467553C51EFC94A /* ScreenSaver.framework in Embed Frameworks */ = {isa = PBXBuildFile; fileRef = 474FEFACB65F060988AB2834 /* ScreenSaver.framework */; settings = {ATTRIBUTES = (CodeSignOnCopy, RemoveHeadersOnCopy, ); }; };
		5714FC10014E30F78911A6A1 /* UsersPaneViewController.swift in Sources */ = {isa = PBXBuildFile; fileRef = EDDA68C81BC57BDBF4B4746C /* UsersPaneViewController.swift */; };
		66D81C396E866BE80F326218 /* ExposeSpacesPaneViewController.swift in Sources */ = {isa = PBXBuildFile; fileRef = 32B3884AC5AA3557E4DC17E3 /* ExposeSpacesPaneViewController.swift */; };
		6BE41DE806E31887A83676E6 /* SoundService.swift in Sources */ = {isa = PBXBuildFile; fileRef = 5A6265AFD1A3BE659BF6543C /* SoundService.swift */; };
		6C20124DF385EDE1BF619EA8 /* SoftwareUpdatePaneViewController.swift in Sources */ = {isa = PBXBuildFile; fileRef = 5D4E3648AC8E9D3B2E066D49 /* SoftwareUpdatePaneViewController.swift */; };
		6EB3F9012FB646B01ED564B9 /* LaunchpadWindowController.swift in Sources */ = {isa = PBXBuildFile; fileRef = 1BD1363931B91B9194F6D9E5 /* LaunchpadWindowController.swift */; };
		6F40D832A2A684ADE451140A /* DashboardWindowController.swift in Sources */ = {isa = PBXBuildFile; fileRef = C8472D2797112DAB3D86CE65 /* DashboardWindowController.swift */; };
		704F6DB689CA1A621B35EFF6 /* SnowLeopardPaneHelper.swift in Sources */ = {isa = PBXBuildFile; fileRef = A38D2B07E33FDC52BA84107D /* SnowLeopardPaneHelper.swift */; };
		70F7B5D7EAA3E5A0D1BD9617 /* BluetoothPaneViewController.swift in Sources */ = {isa = PBXBuildFile; fileRef = D071E7A2BEEFAB6F564D4E10 /* BluetoothPaneViewController.swift */; };
		80D629F26C94E537496ED05C /* KeyboardPaneViewController.swift in Sources */ = {isa = PBXBuildFile; fileRef = 0CC2D2DDEC22A70AB03DE028 /* KeyboardPaneViewController.swift */; };
		85447ECF5E90B647FD13F4A2 /* PreferenceItem.swift in Sources */ = {isa = PBXBuildFile; fileRef = C1AB723E08FA454CEE1897BF /* PreferenceItem.swift */; };
		85872C4993F28B8262EB72C5 /* GridItemView.swift in Sources */ = {isa = PBXBuildFile; fileRef = C1D8F94EC84FD132FB0BC926 /* GridItemView.swift */; };
		85C8ABF73840FF1D8F1E7E5A /* Constants.swift in Sources */ = {isa = PBXBuildFile; fileRef = DC273C0DE821132769BA3A0E /* Constants.swift */; };
		86A287C428A2872384D53D4E /* PaneProtocol.swift in Sources */ = {isa = PBXBuildFile; fileRef = 6D7420C2AD6E87683938844A /* PaneProtocol.swift */; };
		8FD3AD7B6EC7BAE3746A1D33 /* AccessibilityPaneViewController.swift in Sources */ = {isa = PBXBuildFile; fileRef = BEF1037912FB5419AA07BF27 /* AccessibilityPaneViewController.swift */; };
		97373F5430B65117E5EC8110 /* SearchManager.swift in Sources */ = {isa = PBXBuildFile; fileRef = F448379ED241714790908B8B /* SearchManager.swift */; };
		9D23F26955D4BC4E4ADA8D7E /* Assets.xcassets in Resources */ = {isa = PBXBuildFile; fileRef = 93979910CD2F872CEC6D4A29 /* Assets.xcassets */; };
		9F0E4BFE73051FD85DB4312A /* WiFiPaneViewController.swift in Sources */ = {isa = PBXBuildFile; fileRef = 7AF9CABF339A45FA6DEA56A1 /* WiFiPaneViewController.swift */; };
		A249BB88BAFC939A6476A5EE /* MainWindowController.swift in Sources */ = {isa = PBXBuildFile; fileRef = E57D53021C7DF43D5C682808 /* MainWindowController.swift */; };
		A8DCFC98A4972ECC7E227D43 /* NSWindow+Animation.swift in Sources */ = {isa = PBXBuildFile; fileRef = 9D83F632A87F125D9E891677 /* NSWindow+Animation.swift */; };
		AB31D0F752B1C8617A2F129B /* DockPreviewView.swift in Sources */ = {isa = PBXBuildFile; fileRef = 746B91C7AABFD74210900995 /* DockPreviewView.swift */; };
		B0CF88CEA31D01813F130B77 /* DefaultsService.swift in Sources */ = {isa = PBXBuildFile; fileRef = 810DE26B840EB7C567952C9F /* DefaultsService.swift */; };
		B2C794746CA64630FDFA301E /* WidgetBarView.swift in Sources */ = {isa = PBXBuildFile; fileRef = B340C60A8195362382966E35 /* WidgetBarView.swift */; };
		BC3CA93B47724477A7F7948A /* DateTimePaneViewController.swift in Sources */ = {isa = PBXBuildFile; fileRef = 1440B3F0563DE6E5D6FA5DDA /* DateTimePaneViewController.swift */; };
		C985F3D6E71FD1FE91118EC6 /* DockService.swift in Sources */ = {isa = PBXBuildFile; fileRef = E4677CF7EB2DBF0C8255E522 /* DockService.swift */; };
		C9A7A94338BD86314B556A25 /* RedirectPaneViewController.swift in Sources */ = {isa = PBXBuildFile; fileRef = 77E6435D4DCA2DE0080C011D /* RedirectPaneViewController.swift */; };
		CD76275AFFA89BC7DA70EF1C /* MonitorFrameView.swift in Sources */ = {isa = PBXBuildFile; fileRef = A76AA76241529A00893C7430 /* MonitorFrameView.swift */; };
		D282CDFB2A3263A1A7B598D0 /* AppDelegate.swift in Sources */ = {isa = PBXBuildFile; fileRef = 77F1DAEE1E042ACA252FC32A /* AppDelegate.swift */; };
		D82CF6F902013872B61CCA78 /* DashboardWidget.swift in Sources */ = {isa = PBXBuildFile; fileRef = 3204F1ADB82B02E5BA3035CB /* DashboardWidget.swift */; };
		DD8173483532FA0A23C332C1 /* SharingPaneViewController.swift in Sources */ = {isa = PBXBuildFile; fileRef = 98D3C6B41DE0EF4CCF3322A4 /* SharingPaneViewController.swift */; };
		E2A9CC6C969774CEABBFC3A4 /* ClockWidget.swift in Sources */ = {isa = PBXBuildFile; fileRef = E3C9B86AF904094D3CA35529 /* ClockWidget.swift */; };
		E3B6ECD9DEC3244F69CEBEC8 /* LaunchpadPersistence.swift in Sources */ = {isa = PBXBuildFile; fileRef = 3CC6A1A40F95444335687378 /* LaunchpadPersistence.swift */; };
		E3FE3930EFCA88D12A194D3F /* AppDetector.swift in Sources */ = {isa = PBXBuildFile; fileRef = 3625D904128B62F37C9573EC /* AppDetector.swift */; };
		E4B9622571F0638B92A8D7B6 /* StartupDiskPaneViewController.swift in Sources */ = {isa = PBXBuildFile; fileRef = D2408677277E2899E7D6238D /* StartupDiskPaneViewController.swift */; };
		E5A5DA8F26CCBD9EEE986F96 /* DesktopScreenSaverPaneViewController.swift in Sources */ = {isa = PBXBuildFile; fileRef = EEF6EC74F7C6BF51DAA35D04 /* DesktopScreenSaverPaneViewController.swift */; };
		E5ED081E80B8ADCFABAF7327 /* GridViewController.swift in Sources */ = {isa = PBXBuildFile; fileRef = D254240918E799C55A7948DD /* GridViewController.swift */; };
		E6C0FF38FFB0B6748A975112 /* NavigationManager.swift in Sources */ = {isa = PBXBuildFile; fileRef = BB540C72792E396A8D3C4CFC /* NavigationManager.swift */; };
		E787B1EA23729DC8600CEB83 /* AudioService.swift in Sources */ = {isa = PBXBuildFile; fileRef = 4BB319BD73C5516AB4B33662 /* AudioService.swift */; };
/* End PBXBuildFile section */

/* Begin PBXCopyFilesBuildPhase section */
		7FF3379DE86DB30ED78055BA /* Embed Frameworks */ = {
			isa = PBXCopyFilesBuildPhase;
			buildActionMask = 2147483647;
			dstPath = "";
			dstSubfolderSpec = 10;
			files = (
				53D9C59F7467553C51EFC94A /* ScreenSaver.framework in Embed Frameworks */,
			);
			name = "Embed Frameworks";
			runOnlyForDeploymentPostprocessing = 0;
		};
/* End PBXCopyFilesBuildPhase section */

/* Begin PBXFileReference section */
		07D556CBEA57577112B9EBDF /* WeatherWidget.swift */ = {isa = PBXFileReference; lastKnownFileType = sourcecode.swift; path = WeatherWidget.swift; sourceTree = "<group>"; };
		0CC2D2DDEC22A70AB03DE028 /* KeyboardPaneViewController.swift */ = {isa = PBXFileReference; lastKnownFileType = sourcecode.swift; path = KeyboardPaneViewController.swift; sourceTree = "<group>"; };
		1440B3F0563DE6E5D6FA5DDA /* DateTimePaneViewController.swift */ = {isa = PBXFileReference; lastKnownFileType = sourcecode.swift; path = DateTimePaneViewController.swift; sourceTree = "<group>"; };
		1BD1363931B91B9194F6D9E5 /* LaunchpadWindowController.swift */ = {isa = PBXFileReference; lastKnownFileType = sourcecode.swift; path = LaunchpadWindowController.swift; sourceTree = "<group>"; };
		2921BADF3D5EAD2A05E5A4C7 /* MouseTrackpadPaneViewController.swift */ = {isa = PBXFileReference; lastKnownFileType = sourcecode.swift; path = MouseTrackpadPaneViewController.swift; sourceTree = "<group>"; };
		2FE63515358F058FE54F4511 /* OlSystemPreferences.app */ = {isa = PBXFileReference; explicitFileType = wrapper.application; includeInIndex = 0; path = OlSystemPreferences.app; sourceTree = BUILT_PRODUCTS_DIR; };
		3204F1ADB82B02E5BA3035CB /* DashboardWidget.swift */ = {isa = PBXFileReference; lastKnownFileType = sourcecode.swift; path = DashboardWidget.swift; sourceTree = "<group>"; };
		32B3884AC5AA3557E4DC17E3 /* ExposeSpacesPaneViewController.swift */ = {isa = PBXFileReference; lastKnownFileType = sourcecode.swift; path = ExposeSpacesPaneViewController.swift; sourceTree = "<group>"; };
		3625D904128B62F37C9573EC /* AppDetector.swift */ = {isa = PBXFileReference; lastKnownFileType = sourcecode.swift; path = AppDetector.swift; sourceTree = "<group>"; };
		3BCC1589FD67299AE27F565B /* main.swift */ = {isa = PBXFileReference; lastKnownFileType = sourcecode.swift; path = main.swift; sourceTree = "<group>"; };
		3CC6A1A40F95444335687378 /* LaunchpadPersistence.swift */ = {isa = PBXFileReference; lastKnownFileType = sourcecode.swift; path = LaunchpadPersistence.swift; sourceTree = "<group>"; };
		3E2D6734CCFA6D8E8F6742FC /* DashboardPersistence.swift */ = {isa = PBXFileReference; lastKnownFileType = sourcecode.swift; path = DashboardPersistence.swift; sourceTree = "<group>"; };
		474FEFACB65F060988AB2834 /* ScreenSaver.framework */ = {isa = PBXFileReference; lastKnownFileType = wrapper.framework; name = ScreenSaver.framework; path = ../../../../../System/Library/Frameworks/ScreenSaver.framework; sourceTree = "<group>"; };
		4BB319BD73C5516AB4B33662 /* AudioService.swift */ = {isa = PBXFileReference; lastKnownFileType = sourcecode.swift; path = AudioService.swift; sourceTree = "<group>"; };
		4E802CEBC65E823AFD73DA3C /* NotificationsPaneViewController.swift */ = {isa = PBXFileReference; lastKnownFileType = sourcecode.swift; path = NotificationsPaneViewController.swift; sourceTree = "<group>"; };
		53B5373CCB8768F111AFE817 /* SnowLeopardNavControl.swift */ = {isa = PBXFileReference; lastKnownFileType = sourcecode.swift; path = SnowLeopardNavControl.swift; sourceTree = "<group>"; };
		59EDAF49E0F2B602439B78EF /* StickyNoteWidget.swift */ = {isa = PBXFileReference; lastKnownFileType = sourcecode.swift; path = StickyNoteWidget.swift; sourceTree = "<group>"; };
		5A6265AFD1A3BE659BF6543C /* SoundService.swift */ = {isa = PBXFileReference; lastKnownFileType = sourcecode.swift; path = SoundService.swift; sourceTree = "<group>"; };
		5D4E3648AC8E9D3B2E066D49 /* SoftwareUpdatePaneViewController.swift */ = {isa = PBXFileReference; lastKnownFileType = sourcecode.swift; path = SoftwareUpdatePaneViewController.swift; sourceTree = "<group>"; };
		5FCCA57DCAC9F4CDCC4E4DBF /* CoverFlowViewController.swift */ = {isa = PBXFileReference; lastKnownFileType = sourcecode.swift; path = CoverFlowViewController.swift; sourceTree = "<group>"; };
		6CACA43A2B30A10CB24BDDA6 /* Info.plist */ = {isa = PBXFileReference; lastKnownFileType = text.plist; path = Info.plist; sourceTree = "<group>"; };
		6D1BA282206E72872FCB9C9E /* LockScreenPaneViewController.swift */ = {isa = PBXFileReference; lastKnownFileType = sourcecode.swift; path = LockScreenPaneViewController.swift; sourceTree = "<group>"; };
		6D7420C2AD6E87683938844A /* PaneProtocol.swift */ = {isa = PBXFileReference; lastKnownFileType = sourcecode.swift; path = PaneProtocol.swift; sourceTree = "<group>"; };
		746B91C7AABFD74210900995 /* DockPreviewView.swift */ = {isa = PBXFileReference; lastKnownFileType = sourcecode.swift; path = DockPreviewView.swift; sourceTree = "<group>"; };
		77E6435D4DCA2DE0080C011D /* RedirectPaneViewController.swift */ = {isa = PBXFileReference; lastKnownFileType = sourcecode.swift; path = RedirectPaneViewController.swift; sourceTree = "<group>"; };
		77F1DAEE1E042ACA252FC32A /* AppDelegate.swift */ = {isa = PBXFileReference; lastKnownFileType = sourcecode.swift; path = AppDelegate.swift; sourceTree = "<group>"; };
		79D05BDA76F61FD79631BD98 /* DisplaysPaneViewController.swift */ = {isa = PBXFileReference; lastKnownFileType = sourcecode.swift; path = DisplaysPaneViewController.swift; sourceTree = "<group>"; };
		7A63505B7529C7C44D5959C4 /* AboutWindowController.swift */ = {isa = PBXFileReference; lastKnownFileType = sourcecode.swift; path = AboutWindowController.swift; sourceTree = "<group>"; };
		7AF9CABF339A45FA6DEA56A1 /* WiFiPaneViewController.swift */ = {isa = PBXFileReference; lastKnownFileType = sourcecode.swift; path = WiFiPaneViewController.swift; sourceTree = "<group>"; };
		7FE4AFB1B810C8662CB11056 /* CalculatorWidget.swift */ = {isa = PBXFileReference; lastKnownFileType = sourcecode.swift; path = CalculatorWidget.swift; sourceTree = "<group>"; };
		8109E48B9BBCB5B9452724FE /* BatteryPaneViewController.swift */ = {isa = PBXFileReference; lastKnownFileType = sourcecode.swift; path = BatteryPaneViewController.swift; sourceTree = "<group>"; };
		810DE26B840EB7C567952C9F /* DefaultsService.swift */ = {isa = PBXFileReference; lastKnownFileType = sourcecode.swift; path = DefaultsService.swift; sourceTree = "<group>"; };
		8223C2A4FA204E7B12993651 /* PaneRegistry.swift */ = {isa = PBXFileReference; lastKnownFileType = sourcecode.swift; path = PaneRegistry.swift; sourceTree = "<group>"; };
		919235BC2B74926773F679B0 /* UnitConverterWidget.swift */ = {isa = PBXFileReference; lastKnownFileType = sourcecode.swift; path = UnitConverterWidget.swift; sourceTree = "<group>"; };
		926537F0C34FAF97DA99D916 /* NetworkPaneViewController.swift */ = {isa = PBXFileReference; lastKnownFileType = sourcecode.swift; path = NetworkPaneViewController.swift; sourceTree = "<group>"; };
		939684FD4DACC30D57755BAF /* AquaControls.swift */ = {isa = PBXFileReference; lastKnownFileType = sourcecode.swift; path = AquaControls.swift; sourceTree = "<group>"; };
		93979910CD2F872CEC6D4A29 /* Assets.xcassets */ = {isa = PBXFileReference; lastKnownFileType = folder.assetcatalog; path = Assets.xcassets; sourceTree = "<group>"; };
		98D3C6B41DE0EF4CCF3322A4 /* SharingPaneViewController.swift */ = {isa = PBXFileReference; lastKnownFileType = sourcecode.swift; path = SharingPaneViewController.swift; sourceTree = "<group>"; };
		9D83F632A87F125D9E891677 /* NSWindow+Animation.swift */ = {isa = PBXFileReference; lastKnownFileType = sourcecode.swift; path = "NSWindow+Animation.swift"; sourceTree = "<group>"; };
		A38D2B07E33FDC52BA84107D /* SnowLeopardPaneHelper.swift */ = {isa = PBXFileReference; lastKnownFileType = sourcecode.swift; path = SnowLeopardPaneHelper.swift; sourceTree = "<group>"; };
		A54B4B3E606B24DB7E70F1C1 /* GeneralPaneViewController.swift */ = {isa = PBXFileReference; lastKnownFileType = sourcecode.swift; path = GeneralPaneViewController.swift; sourceTree = "<group>"; };
		A76AA76241529A00893C7430 /* MonitorFrameView.swift */ = {isa = PBXFileReference; lastKnownFileType = sourcecode.swift; path = MonitorFrameView.swift; sourceTree = "<group>"; };
		AE226221E63EC651ADA7341E /* AppIcon.icns */ = {isa = PBXFileReference; lastKnownFileType = image.icns; path = AppIcon.icns; sourceTree = "<group>"; };
		B340C60A8195362382966E35 /* WidgetBarView.swift */ = {isa = PBXFileReference; lastKnownFileType = sourcecode.swift; path = WidgetBarView.swift; sourceTree = "<group>"; };
		BB540C72792E396A8D3C4CFC /* NavigationManager.swift */ = {isa = PBXFileReference; lastKnownFileType = sourcecode.swift; path = NavigationManager.swift; sourceTree = "<group>"; };
		BEF1037912FB5419AA07BF27 /* AccessibilityPaneViewController.swift */ = {isa = PBXFileReference; lastKnownFileType = sourcecode.swift; path = AccessibilityPaneViewController.swift; sourceTree = "<group>"; };
		C1AB723E08FA454CEE1897BF /* PreferenceItem.swift */ = {isa = PBXFileReference; lastKnownFileType = sourcecode.swift; path = PreferenceItem.swift; sourceTree = "<group>"; };
		C1D8F94EC84FD132FB0BC926 /* GridItemView.swift */ = {isa = PBXFileReference; lastKnownFileType = sourcecode.swift; path = GridItemView.swift; sourceTree = "<group>"; };
		C8472D2797112DAB3D86CE65 /* DashboardWindowController.swift */ = {isa = PBXFileReference; lastKnownFileType = sourcecode.swift; path = DashboardWindowController.swift; sourceTree = "<group>"; };
		CFCDD499F5EFEB40577906CD /* DockPaneViewController.swift */ = {isa = PBXFileReference; lastKnownFileType = sourcecode.swift; path = DockPaneViewController.swift; sourceTree = "<group>"; };
		D071E7A2BEEFAB6F564D4E10 /* BluetoothPaneViewController.swift */ = {isa = PBXFileReference; lastKnownFileType = sourcecode.swift; path = BluetoothPaneViewController.swift; sourceTree = "<group>"; };
		D2408677277E2899E7D6238D /* StartupDiskPaneViewController.swift */ = {isa = PBXFileReference; lastKnownFileType = sourcecode.swift; path = StartupDiskPaneViewController.swift; sourceTree = "<group>"; };
		D254240918E799C55A7948DD /* GridViewController.swift */ = {isa = PBXFileReference; lastKnownFileType = sourcecode.swift; path = GridViewController.swift; sourceTree = "<group>"; };
		DC273C0DE821132769BA3A0E /* Constants.swift */ = {isa = PBXFileReference; lastKnownFileType = sourcecode.swift; path = Constants.swift; sourceTree = "<group>"; };
		E3C9B86AF904094D3CA35529 /* ClockWidget.swift */ = {isa = PBXFileReference; lastKnownFileType = sourcecode.swift; path = ClockWidget.swift; sourceTree = "<group>"; };
		E4677CF7EB2DBF0C8255E522 /* DockService.swift */ = {isa = PBXFileReference; lastKnownFileType = sourcecode.swift; path = DockService.swift; sourceTree = "<group>"; };
		E57D53021C7DF43D5C682808 /* MainWindowController.swift */ = {isa = PBXFileReference; lastKnownFileType = sourcecode.swift; path = MainWindowController.swift; sourceTree = "<group>"; };
		EA5A7D9063BD46435C813785 /* SoundPaneViewController.swift */ = {isa = PBXFileReference; lastKnownFileType = sourcecode.swift; path = SoundPaneViewController.swift; sourceTree = "<group>"; };
		EDDA68C81BC57BDBF4B4746C /* UsersPaneViewController.swift */ = {isa = PBXFileReference; lastKnownFileType = sourcecode.swift; path = UsersPaneViewController.swift; sourceTree = "<group>"; };
		EEF6EC74F7C6BF51DAA35D04 /* DesktopScreenSaverPaneViewController.swift */ = {isa = PBXFileReference; lastKnownFileType = sourcecode.swift; path = DesktopScreenSaverPaneViewController.swift; sourceTree = "<group>"; };
		F448379ED241714790908B8B /* SearchManager.swift */ = {isa = PBXFileReference; lastKnownFileType = sourcecode.swift; path = SearchManager.swift; sourceTree = "<group>"; };
		F9F5103ED93ECFB8F58E3E11 /* OlSystemPreferences.entitlements */ = {isa = PBXFileReference; lastKnownFileType = text.plist.entitlements; path = OlSystemPreferences.entitlements; sourceTree = "<group>"; };
/* End PBXFileReference section */

/* Begin PBXFrameworksBuildPhase section */
		CC471FB7571710C185C5E8E8 /* Frameworks */ = {
			isa = PBXFrameworksBuildPhase;
			buildActionMask = 2147483647;
			files = (
				2128974C126E0996F2912E7A /* ScreenSaver.framework in Frameworks */,
			);
			runOnlyForDeploymentPostprocessing = 0;
		};
/* End PBXFrameworksBuildPhase section */

/* Begin PBXGroup section */
		00F0BA3CB737B4BBF87D02AB /* Users */ = {
			isa = PBXGroup;
			children = (
				EDDA68C81BC57BDBF4B4746C /* UsersPaneViewController.swift */,
			);
			path = Users;
			sourceTree = "<group>";
		};
		04E7ECF56848AC965E577E27 /* Products */ = {
			isa = PBXGroup;
			children = (
				2FE63515358F058FE54F4511 /* OlSystemPreferences.app */,
			);
			name = Products;
			sourceTree = "<group>";
		};
		099A0D577ABBF4D0B345C78A /* Dashboard */ = {
			isa = PBXGroup;
			children = (
				3E2D6734CCFA6D8E8F6742FC /* DashboardPersistence.swift */,
				3204F1ADB82B02E5BA3035CB /* DashboardWidget.swift */,
				C8472D2797112DAB3D86CE65 /* DashboardWindowController.swift */,
				B340C60A8195362382966E35 /* WidgetBarView.swift */,
				5AEF8EFA2FDBF0145A645631 /* Widgets */,
			);
			path = Dashboard;
			sourceTree = "<group>";
		};
		0BBFBF04A609B6275D42D2BD /* DateTime */ = {
			isa = PBXGroup;
			children = (
				1440B3F0563DE6E5D6FA5DDA /* DateTimePaneViewController.swift */,
			);
			path = DateTime;
			sourceTree = "<group>";
		};
		16406DC71B28A146674D2FAA /* Services */ = {
			isa = PBXGroup;
			children = (
				3625D904128B62F37C9573EC /* AppDetector.swift */,
				4BB319BD73C5516AB4B33662 /* AudioService.swift */,
				810DE26B840EB7C567952C9F /* DefaultsService.swift */,
				E4677CF7EB2DBF0C8255E522 /* DockService.swift */,
				5A6265AFD1A3BE659BF6543C /* SoundService.swift */,
			);
			path = Services;
			sourceTree = "<group>";
		};
		223440DB19D74AE2E55535F3 /* SoftwareUpdate */ = {
			isa = PBXGroup;
			children = (
				5D4E3648AC8E9D3B2E066D49 /* SoftwareUpdatePaneViewController.swift */,
			);
			path = SoftwareUpdate;
			sourceTree = "<group>";
		};
		237DCC26FF0D608F9EAE41C0 /* Models */ = {
			isa = PBXGroup;
			children = (
				C1AB723E08FA454CEE1897BF /* PreferenceItem.swift */,
			);
			path = Models;
			sourceTree = "<group>";
		};
		436BF95641F7CEE010E65107 /* Battery */ = {
			isa = PBXGroup;
			children = (
				8109E48B9BBCB5B9452724FE /* BatteryPaneViewController.swift */,
			);
			path = Battery;
			sourceTree = "<group>";
		};
		475C1E258334E41AD19AA67F /* Launchpad */ = {
			isa = PBXGroup;
			children = (
				3CC6A1A40F95444335687378 /* LaunchpadPersistence.swift */,
				1BD1363931B91B9194F6D9E5 /* LaunchpadWindowController.swift */,
			);
			path = Launchpad;
			sourceTree = "<group>";
		};
		53150E076D0E347904232F0D /* Redirect */ = {
			isa = PBXGroup;
			children = (
				77E6435D4DCA2DE0080C011D /* RedirectPaneViewController.swift */,
			);
			path = Redirect;
			sourceTree = "<group>";
		};
		59AC7A552FAA376D719AF685 /* Resources */ = {
			isa = PBXGroup;
			children = (
				AE226221E63EC651ADA7341E /* AppIcon.icns */,
				93979910CD2F872CEC6D4A29 /* Assets.xcassets */,
			);
			path = Resources;
			sourceTree = "<group>";
		};
		5AEF8EFA2FDBF0145A645631 /* Widgets */ = {
			isa = PBXGroup;
			children = (
				7FE4AFB1B810C8662CB11056 /* CalculatorWidget.swift */,
				E3C9B86AF904094D3CA35529 /* ClockWidget.swift */,
				59EDAF49E0F2B602439B78EF /* StickyNoteWidget.swift */,
				919235BC2B74926773F679B0 /* UnitConverterWidget.swift */,
				07D556CBEA57577112B9EBDF /* WeatherWidget.swift */,
			);
			path = Widgets;
			sourceTree = "<group>";
		};
		5DAA61505B2B00CA49AFAF07 /* Sound */ = {
			isa = PBXGroup;
			children = (
				EA5A7D9063BD46435C813785 /* SoundPaneViewController.swift */,
			);
			path = Sound;
			sourceTree = "<group>";
		};
		6302AE80EA91E804D67F526C /* Keyboard */ = {
			isa = PBXGroup;
			children = (
				0CC2D2DDEC22A70AB03DE028 /* KeyboardPaneViewController.swift */,
			);
			path = Keyboard;
			sourceTree = "<group>";
		};
		6415848F023CF0EFE145808E /* ExposeSpaces */ = {
			isa = PBXGroup;
			children = (
				32B3884AC5AA3557E4DC17E3 /* ExposeSpacesPaneViewController.swift */,
			);
			path = ExposeSpaces;
			sourceTree = "<group>";
		};
		8440B69942641A4D8192829E /* Network */ = {
			isa = PBXGroup;
			children = (
				926537F0C34FAF97DA99D916 /* NetworkPaneViewController.swift */,
			);
			path = Network;
			sourceTree = "<group>";
		};
		87A3BE1BF364186E787F6368 /* Window */ = {
			isa = PBXGroup;
			children = (
				7A63505B7529C7C44D5959C4 /* AboutWindowController.swift */,
				5FCCA57DCAC9F4CDCC4E4DBF /* CoverFlowViewController.swift */,
				C1D8F94EC84FD132FB0BC926 /* GridItemView.swift */,
				D254240918E799C55A7948DD /* GridViewController.swift */,
				E57D53021C7DF43D5C682808 /* MainWindowController.swift */,
				53B5373CCB8768F111AFE817 /* SnowLeopardNavControl.swift */,
			);
			path = Window;
			sourceTree = "<group>";
		};
		895D5D9F849750DCBE44A472 /* General */ = {
			isa = PBXGroup;
			children = (
				A54B4B3E606B24DB7E70F1C1 /* GeneralPaneViewController.swift */,
			);
			path = General;
			sourceTree = "<group>";
		};
		8EF282EF4884CEEC658AA99C /* Controls */ = {
			isa = PBXGroup;
			children = (
				939684FD4DACC30D57755BAF /* AquaControls.swift */,
			);
			path = Controls;
			sourceTree = "<group>";
		};
		91E1FDB17973F48E6C9E9566 /* LockScreen */ = {
			isa = PBXGroup;
			children = (
				6D1BA282206E72872FCB9C9E /* LockScreenPaneViewController.swift */,
			);
			path = LockScreen;
			sourceTree = "<group>";
		};
		93EF3395873DE627BFBE6BFB /* Frameworks */ = {
			isa = PBXGroup;
			children = (
				474FEFACB65F060988AB2834 /* ScreenSaver.framework */,
			);
			name = Frameworks;
			sourceTree = "<group>";
		};
		9A9480C44CE61F8CA1215C6C = {
			isa = PBXGroup;
			children = (
				AB1F01584AAFC8390C50E6B5 /* OlSystemPreferences */,
				93EF3395873DE627BFBE6BFB /* Frameworks */,
				04E7ECF56848AC965E577E27 /* Products */,
			);
			sourceTree = "<group>";
		};
		9B9A0EC4CDC06ADD0882BC6F /* Sharing */ = {
			isa = PBXGroup;
			children = (
				98D3C6B41DE0EF4CCF3322A4 /* SharingPaneViewController.swift */,
			);
			path = Sharing;
			sourceTree = "<group>";
		};
		9D2126807EFBDCBCB7C25E59 /* App */ = {
			isa = PBXGroup;
			children = (
				77F1DAEE1E042ACA252FC32A /* AppDelegate.swift */,
				3BCC1589FD67299AE27F565B /* main.swift */,
			);
			path = App;
			sourceTree = "<group>";
		};
		9DA3892774EC21E19059AA41 /* MouseTrackpad */ = {
			isa = PBXGroup;
			children = (
				2921BADF3D5EAD2A05E5A4C7 /* MouseTrackpadPaneViewController.swift */,
			);
			path = MouseTrackpad;
			sourceTree = "<group>";
		};
		A47C6D38F448424529CC0686 /* Panes */ = {
			isa = PBXGroup;
			children = (
				D6C2195F7CCB00734019D420 /* Accessibility */,
				436BF95641F7CEE010E65107 /* Battery */,
				C850A66279726136FEC19FCA /* Bluetooth */,
				0BBFBF04A609B6275D42D2BD /* DateTime */,
				F525DC3681879BF3804F4F73 /* DesktopScreenSaver */,
				A97AD303BA5F1A832727F661 /* Displays */,
				D567C3C3AB075211E51CF490 /* Dock */,
				6415848F023CF0EFE145808E /* ExposeSpaces */,
				895D5D9F849750DCBE44A472 /* General */,
				6302AE80EA91E804D67F526C /* Keyboard */,
				91E1FDB17973F48E6C9E9566 /* LockScreen */,
				9DA3892774EC21E19059AA41 /* MouseTrackpad */,
				8440B69942641A4D8192829E /* Network */,
				C257B585D490AC7FB70AE14E /* Notifications */,
				53150E076D0E347904232F0D /* Redirect */,
				9B9A0EC4CDC06ADD0882BC6F /* Sharing */,
				223440DB19D74AE2E55535F3 /* SoftwareUpdate */,
				5DAA61505B2B00CA49AFAF07 /* Sound */,
				ECA9B1530A8299FA3813AA50 /* StartupDisk */,
				00F0BA3CB737B4BBF87D02AB /* Users */,
				C594978F94DFE375841233D3 /* WiFi */,
			);
			path = Panes;
			sourceTree = "<group>";
		};
		A97AD303BA5F1A832727F661 /* Displays */ = {
			isa = PBXGroup;
			children = (
				79D05BDA76F61FD79631BD98 /* DisplaysPaneViewController.swift */,
			);
			path = Displays;
			sourceTree = "<group>";
		};
		AB1F01584AAFC8390C50E6B5 /* OlSystemPreferences */ = {
			isa = PBXGroup;
			children = (
				6CACA43A2B30A10CB24BDDA6 /* Info.plist */,
				F9F5103ED93ECFB8F58E3E11 /* OlSystemPreferences.entitlements */,
				9D2126807EFBDCBCB7C25E59 /* App */,
				8EF282EF4884CEEC658AA99C /* Controls */,
				099A0D577ABBF4D0B345C78A /* Dashboard */,
				475C1E258334E41AD19AA67F /* Launchpad */,
				237DCC26FF0D608F9EAE41C0 /* Models */,
				B1879FEBF98A067FA2CFD531 /* Navigation */,
				A47C6D38F448424529CC0686 /* Panes */,
				E6404F018818B9DACEFE852C /* Protocols */,
				59AC7A552FAA376D719AF685 /* Resources */,
				16406DC71B28A146674D2FAA /* Services */,
				E3D34AA42B17525F7D09FA8B /* Utilities */,
				87A3BE1BF364186E787F6368 /* Window */,
			);
			path = OlSystemPreferences;
			sourceTree = "<group>";
		};
		B1879FEBF98A067FA2CFD531 /* Navigation */ = {
			isa = PBXGroup;
			children = (
				BB540C72792E396A8D3C4CFC /* NavigationManager.swift */,
				8223C2A4FA204E7B12993651 /* PaneRegistry.swift */,
				F448379ED241714790908B8B /* SearchManager.swift */,
			);
			path = Navigation;
			sourceTree = "<group>";
		};
		C257B585D490AC7FB70AE14E /* Notifications */ = {
			isa = PBXGroup;
			children = (
				4E802CEBC65E823AFD73DA3C /* NotificationsPaneViewController.swift */,
			);
			path = Notifications;
			sourceTree = "<group>";
		};
		C594978F94DFE375841233D3 /* WiFi */ = {
			isa = PBXGroup;
			children = (
				7AF9CABF339A45FA6DEA56A1 /* WiFiPaneViewController.swift */,
			);
			path = WiFi;
			sourceTree = "<group>";
		};
		C850A66279726136FEC19FCA /* Bluetooth */ = {
			isa = PBXGroup;
			children = (
				D071E7A2BEEFAB6F564D4E10 /* BluetoothPaneViewController.swift */,
			);
			path = Bluetooth;
			sourceTree = "<group>";
		};
		D567C3C3AB075211E51CF490 /* Dock */ = {
			isa = PBXGroup;
			children = (
				CFCDD499F5EFEB40577906CD /* DockPaneViewController.swift */,
				746B91C7AABFD74210900995 /* DockPreviewView.swift */,
			);
			path = Dock;
			sourceTree = "<group>";
		};
		D6C2195F7CCB00734019D420 /* Accessibility */ = {
			isa = PBXGroup;
			children = (
				BEF1037912FB5419AA07BF27 /* AccessibilityPaneViewController.swift */,
			);
			path = Accessibility;
			sourceTree = "<group>";
		};
		E3D34AA42B17525F7D09FA8B /* Utilities */ = {
			isa = PBXGroup;
			children = (
				DC273C0DE821132769BA3A0E /* Constants.swift */,
				9D83F632A87F125D9E891677 /* NSWindow+Animation.swift */,
				A38D2B07E33FDC52BA84107D /* SnowLeopardPaneHelper.swift */,
			);
			path = Utilities;
			sourceTree = "<group>";
		};
		E6404F018818B9DACEFE852C /* Protocols */ = {
			isa = PBXGroup;
			children = (
				6D7420C2AD6E87683938844A /* PaneProtocol.swift */,
			);
			path = Protocols;
			sourceTree = "<group>";
		};
		ECA9B1530A8299FA3813AA50 /* StartupDisk */ = {
			isa = PBXGroup;
			children = (
				D2408677277E2899E7D6238D /* StartupDiskPaneViewController.swift */,
			);
			path = StartupDisk;
			sourceTree = "<group>";
		};
		F525DC3681879BF3804F4F73 /* DesktopScreenSaver */ = {
			isa = PBXGroup;
			children = (
				EEF6EC74F7C6BF51DAA35D04 /* DesktopScreenSaverPaneViewController.swift */,
				A76AA76241529A00893C7430 /* MonitorFrameView.swift */,
			);
			path = DesktopScreenSaver;
			sourceTree = "<group>";
		};
/* End PBXGroup section */

/* Begin PBXNativeTarget section */
		9AED348FA803F851422EA1F8 /* OlSystemPreferences */ = {
			isa = PBXNativeTarget;
			buildConfigurationList = BBE5611D14A8A9E79ECEF1AE /* Build configuration list for PBXNativeTarget "OlSystemPreferences" */;
			buildPhases = (
				D5CBED5744B28AD0935D00C6 /* Sources */,
				349A37EF602CFF3147618DEB /* Resources */,
				CC471FB7571710C185C5E8E8 /* Frameworks */,
				7FF3379DE86DB30ED78055BA /* Embed Frameworks */,
			);
			buildRules = (
			);
			dependencies = (
			);
			name = OlSystemPreferences;
			packageProductDependencies = (
			);
			productName = OlSystemPreferences;
			productReference = 2FE63515358F058FE54F4511 /* OlSystemPreferences.app */;
			productType = "com.apple.product-type.application";
		};
/* End PBXNativeTarget section */

/* Begin PBXProject section */
		0E50ECBD12854F8639687A2C /* Project object */ = {
			isa = PBXProject;
			attributes = {
				BuildIndependentTargetsInParallel = YES;
				LastUpgradeCheck = 1600;
				TargetAttributes = {
				};
			};
			buildConfigurationList = FB4879328EEED1F50A9F0626 /* Build configuration list for PBXProject "OlSystemPreferences" */;
			developmentRegion = en;
			hasScannedForEncodings = 0;
			knownRegions = (
				Base,
				en,
			);
			mainGroup = 9A9480C44CE61F8CA1215C6C;
			minimizedProjectReferenceProxies = 1;
			preferredProjectObjectVersion = 77;
			productRefGroup = 04E7ECF56848AC965E577E27 /* Products */;
			projectDirPath = "";
			projectRoot = "";
			targets = (
				9AED348FA803F851422EA1F8 /* OlSystemPreferences */,
			);
		};
/* End PBXProject section */

/* Begin PBXResourcesBuildPhase section */
		349A37EF602CFF3147618DEB /* Resources */ = {
			isa = PBXResourcesBuildPhase;
			buildActionMask = 2147483647;
			files = (
				2ACB6E3CDA77055E7A72F4DD /* AppIcon.icns in Resources */,
				9D23F26955D4BC4E4ADA8D7E /* Assets.xcassets in Resources */,
			);
			runOnlyForDeploymentPostprocessing = 0;
		};
/* End PBXResourcesBuildPhase section */

/* Begin PBXSourcesBuildPhase section */
		D5CBED5744B28AD0935D00C6 /* Sources */ = {
			isa = PBXSourcesBuildPhase;
			buildActionMask = 2147483647;
			files = (
				001CD074E672EC8CE2F28537 /* AboutWindowController.swift in Sources */,
				8FD3AD7B6EC7BAE3746A1D33 /* AccessibilityPaneViewController.swift in Sources */,
				D282CDFB2A3263A1A7B598D0 /* AppDelegate.swift in Sources */,
				E3FE3930EFCA88D12A194D3F /* AppDetector.swift in Sources */,
				25AA6035DAB1F5F6E225105B /* AquaControls.swift in Sources */,
				E787B1EA23729DC8600CEB83 /* AudioService.swift in Sources */,
				3277ADA6DBA4E5CBA122582F /* BatteryPaneViewController.swift in Sources */,
				70F7B5D7EAA3E5A0D1BD9617 /* BluetoothPaneViewController.swift in Sources */,
				0149148E1C003391B40B888E /* CalculatorWidget.swift in Sources */,
				E2A9CC6C969774CEABBFC3A4 /* ClockWidget.swift in Sources */,
				85C8ABF73840FF1D8F1E7E5A /* Constants.swift in Sources */,
				1EE50143FED34E4A794E0B52 /* CoverFlowViewController.swift in Sources */,
				394E87F6F72C3D03EDA0988B /* DashboardPersistence.swift in Sources */,
				D82CF6F902013872B61CCA78 /* DashboardWidget.swift in Sources */,
				6F40D832A2A684ADE451140A /* DashboardWindowController.swift in Sources */,
				BC3CA93B47724477A7F7948A /* DateTimePaneViewController.swift in Sources */,
				B0CF88CEA31D01813F130B77 /* DefaultsService.swift in Sources */,
				E5A5DA8F26CCBD9EEE986F96 /* DesktopScreenSaverPaneViewController.swift in Sources */,
				43B376C2308371A3886A71A1 /* DisplaysPaneViewController.swift in Sources */,
				35C54D4DDE0220DA4B1AEDCF /* DockPaneViewController.swift in Sources */,
				AB31D0F752B1C8617A2F129B /* DockPreviewView.swift in Sources */,
				C985F3D6E71FD1FE91118EC6 /* DockService.swift in Sources */,
				66D81C396E866BE80F326218 /* ExposeSpacesPaneViewController.swift in Sources */,
				40FC0B003E4CDF759C85CD73 /* GeneralPaneViewController.swift in Sources */,
				85872C4993F28B8262EB72C5 /* GridItemView.swift in Sources */,
				E5ED081E80B8ADCFABAF7327 /* GridViewController.swift in Sources */,
				80D629F26C94E537496ED05C /* KeyboardPaneViewController.swift in Sources */,
				E3B6ECD9DEC3244F69CEBEC8 /* LaunchpadPersistence.swift in Sources */,
				6EB3F9012FB646B01ED564B9 /* LaunchpadWindowController.swift in Sources */,
				35ECB317A752439FB5569479 /* LockScreenPaneViewController.swift in Sources */,
				A249BB88BAFC939A6476A5EE /* MainWindowController.swift in Sources */,
				CD76275AFFA89BC7DA70EF1C /* MonitorFrameView.swift in Sources */,
				39156C8354B6ED34A231CA4C /* MouseTrackpadPaneViewController.swift in Sources */,
				A8DCFC98A4972ECC7E227D43 /* NSWindow+Animation.swift in Sources */,
				E6C0FF38FFB0B6748A975112 /* NavigationManager.swift in Sources */,
				383CA854DE6BA30F757DF29B /* NetworkPaneViewController.swift in Sources */,
				0CB3FB792952E255B7D1B552 /* NotificationsPaneViewController.swift in Sources */,
				86A287C428A2872384D53D4E /* PaneProtocol.swift in Sources */,
				1FD4ECD215D3FFDFEBC5626C /* PaneRegistry.swift in Sources */,
				85447ECF5E90B647FD13F4A2 /* PreferenceItem.swift in Sources */,
				C9A7A94338BD86314B556A25 /* RedirectPaneViewController.swift in Sources */,
				97373F5430B65117E5EC8110 /* SearchManager.swift in Sources */,
				DD8173483532FA0A23C332C1 /* SharingPaneViewController.swift in Sources */,
				2FA5E5A702E7CDBD17FB7ED4 /* SnowLeopardNavControl.swift in Sources */,
				704F6DB689CA1A621B35EFF6 /* SnowLeopardPaneHelper.swift in Sources */,
				6C20124DF385EDE1BF619EA8 /* SoftwareUpdatePaneViewController.swift in Sources */,
				1C6764BBA02AE41C8438F479 /* SoundPaneViewController.swift in Sources */,
				6BE41DE806E31887A83676E6 /* SoundService.swift in Sources */,
				E4B9622571F0638B92A8D7B6 /* StartupDiskPaneViewController.swift in Sources */,
				2FA55C0DA754BA92B805DE3A /* StickyNoteWidget.swift in Sources */,
				3391213837A31C537E1EC23F /* UnitConverterWidget.swift in Sources */,
				5714FC10014E30F78911A6A1 /* UsersPaneViewController.swift in Sources */,
				000E06A8286FCC8D0080FE7D /* WeatherWidget.swift in Sources */,
				9F0E4BFE73051FD85DB4312A /* WiFiPaneViewController.swift in Sources */,
				B2C794746CA64630FDFA301E /* WidgetBarView.swift in Sources */,
				4D55A9FF53B05D87E06754C3 /* main.swift in Sources */,
			);
			runOnlyForDeploymentPostprocessing = 0;
		};
/* End PBXSourcesBuildPhase section */

/* Begin XCBuildConfiguration section */
		0038887562302AA123664D47 /* Debug */ = {
			isa = XCBuildConfiguration;
			buildSettings = {
				ALWAYS_SEARCH_USER_PATHS = NO;
				CLANG_ANALYZER_NONNULL = YES;
				CLANG_ANALYZER_NUMBER_OBJECT_CONVERSION = YES_AGGRESSIVE;
				CLANG_CXX_LANGUAGE_STANDARD = "gnu++14";
				CLANG_CXX_LIBRARY = "libc++";
				CLANG_ENABLE_MODULES = YES;
				CLANG_ENABLE_OBJC_ARC = YES;
				CLANG_ENABLE_OBJC_WEAK = YES;
				CLANG_WARN_BLOCK_CAPTURE_AUTORELEASING = YES;
				CLANG_WARN_BOOL_CONVERSION = YES;
				CLANG_WARN_COMMA = YES;
				CLANG_WARN_CONSTANT_CONVERSION = YES;
				CLANG_WARN_DEPRECATED_OBJC_IMPLEMENTATIONS = YES;
				CLANG_WARN_DIRECT_OBJC_ISA_USAGE = YES_ERROR;
				CLANG_WARN_DOCUMENTATION_COMMENTS = YES;
				CLANG_WARN_EMPTY_BODY = YES;
				CLANG_WARN_ENUM_CONVERSION = YES;
				CLANG_WARN_INFINITE_RECURSION = YES;
				CLANG_WARN_INT_CONVERSION = YES;
				CLANG_WARN_NON_LITERAL_NULL_CONVERSION = YES;
				CLANG_WARN_OBJC_IMPLICIT_RETAIN_SELF = YES;
				CLANG_WARN_OBJC_LITERAL_CONVERSION = YES;
				CLANG_WARN_OBJC_ROOT_CLASS = YES_ERROR;
				CLANG_WARN_QUOTED_INCLUDE_IN_FRAMEWORK_HEADER = YES;
				CLANG_WARN_RANGE_LOOP_ANALYSIS = YES;
				CLANG_WARN_STRICT_PROTOTYPES = YES;
				CLANG_WARN_SUSPICIOUS_MOVE = YES;
				CLANG_WARN_UNGUARDED_AVAILABILITY = YES_AGGRESSIVE;
				CLANG_WARN_UNREACHABLE_CODE = YES;
				CLANG_WARN__DUPLICATE_METHOD_MATCH = YES;
				CODE_SIGN_IDENTITY = "-";
				COMBINE_HIDPI_IMAGES = YES;
				COPY_PHASE_STRIP = NO;
				DEBUG_INFORMATION_FORMAT = dwarf;
				ENABLE_HARDENED_RUNTIME = YES;
				ENABLE_STRICT_OBJC_MSGSEND = YES;
				ENABLE_TESTABILITY = YES;
				GCC_C_LANGUAGE_STANDARD = gnu11;
				GCC_DYNAMIC_NO_PIC = NO;
				GCC_NO_COMMON_BLOCKS = YES;
				GCC_OPTIMIZATION_LEVEL = 0;
				GCC_PREPROCESSOR_DEFINITIONS = (
					"$(inherited)",
					"DEBUG=1",
				);
				GCC_WARN_64_TO_32_BIT_CONVERSION = YES;
				GCC_WARN_ABOUT_RETURN_TYPE = YES_ERROR;
				GCC_WARN_UNDECLARED_SELECTOR = YES;
				GCC_WARN_UNINITIALIZED_AUTOS = YES_AGGRESSIVE;
				GCC_WARN_UNUSED_FUNCTION = YES;
				GCC_WARN_UNUSED_VARIABLE = YES;
				MACOSX_DEPLOYMENT_TARGET = 14.0;
				MTL_ENABLE_DEBUG_INFO = INCLUDE_SOURCE;
				MTL_FAST_MATH = YES;
				ONLY_ACTIVE_ARCH = YES;
				PRODUCT_NAME = "$(TARGET_NAME)";
				SDKROOT = macosx;
				SWIFT_ACTIVE_COMPILATION_CONDITIONS = DEBUG;
				SWIFT_OPTIMIZATION_LEVEL = "-Onone";
				SWIFT_VERSION = 5.10;
			};
			name = Debug;
		};
		77DC2AB98D2EEA4E3610BF1F /* Release */ = {
			isa = XCBuildConfiguration;
			buildSettings = {
				ASSETCATALOG_COMPILER_APPICON_NAME = AppIcon;
				CODE_SIGN_ENTITLEMENTS = OlSystemPreferences/OlSystemPreferences.entitlements;
				COMBINE_HIDPI_IMAGES = YES;
				FRAMEWORK_SEARCH_PATHS = (
					"$(inherited)",
					"\"/System/Library/Frameworks\"",
				);
				INFOPLIST_FILE = OlSystemPreferences/Info.plist;
				LD_RUNPATH_SEARCH_PATHS = (
					"@executable_path/../Frameworks",
				);
				PRODUCT_BUNDLE_IDENTIFIER = com.olsystempreferences.app;
				PRODUCT_NAME = OlSystemPreferences;
				SDKROOT = macosx;
			};
			name = Release;
		};
		B2C4CC34ACA7E117C0F9528E /* Debug */ = {
			isa = XCBuildConfiguration;
			buildSettings = {
				ASSETCATALOG_COMPILER_APPICON_NAME = AppIcon;
				CODE_SIGN_ENTITLEMENTS = OlSystemPreferences/OlSystemPreferences.entitlements;
				COMBINE_HIDPI_IMAGES = YES;
				FRAMEWORK_SEARCH_PATHS = (
					"$(inherited)",
					"\"/System/Library/Frameworks\"",
				);
				INFOPLIST_FILE = OlSystemPreferences/Info.plist;
				LD_RUNPATH_SEARCH_PATHS = (
					"@executable_path/../Frameworks",
				);
				PRODUCT_BUNDLE_IDENTIFIER = com.olsystempreferences.app;
				PRODUCT_NAME = OlSystemPreferences;
				SDKROOT = macosx;
			};
			name = Debug;
		};
		B81FD95B6AEA6358413A7DAE /* Release */ = {
			isa = XCBuildConfiguration;
			buildSettings = {
				ALWAYS_SEARCH_USER_PATHS = NO;
				CLANG_ANALYZER_NONNULL = YES;
				CLANG_ANALYZER_NUMBER_OBJECT_CONVERSION = YES_AGGRESSIVE;
				CLANG_CXX_LANGUAGE_STANDARD = "gnu++14";
				CLANG_CXX_LIBRARY = "libc++";
				CLANG_ENABLE_MODULES = YES;
				CLANG_ENABLE_OBJC_ARC = YES;
				CLANG_ENABLE_OBJC_WEAK = YES;
				CLANG_WARN_BLOCK_CAPTURE_AUTORELEASING = YES;
				CLANG_WARN_BOOL_CONVERSION = YES;
				CLANG_WARN_COMMA = YES;
				CLANG_WARN_CONSTANT_CONVERSION = YES;
				CLANG_WARN_DEPRECATED_OBJC_IMPLEMENTATIONS = YES;
				CLANG_WARN_DIRECT_OBJC_ISA_USAGE = YES_ERROR;
				CLANG_WARN_DOCUMENTATION_COMMENTS = YES;
				CLANG_WARN_EMPTY_BODY = YES;
				CLANG_WARN_ENUM_CONVERSION = YES;
				CLANG_WARN_INFINITE_RECURSION = YES;
				CLANG_WARN_INT_CONVERSION = YES;
				CLANG_WARN_NON_LITERAL_NULL_CONVERSION = YES;
				CLANG_WARN_OBJC_IMPLICIT_RETAIN_SELF = YES;
				CLANG_WARN_OBJC_LITERAL_CONVERSION = YES;
				CLANG_WARN_OBJC_ROOT_CLASS = YES_ERROR;
				CLANG_WARN_QUOTED_INCLUDE_IN_FRAMEWORK_HEADER = YES;
				CLANG_WARN_RANGE_LOOP_ANALYSIS = YES;
				CLANG_WARN_STRICT_PROTOTYPES = YES;
				CLANG_WARN_SUSPICIOUS_MOVE = YES;
				CLANG_WARN_UNGUARDED_AVAILABILITY = YES_AGGRESSIVE;
				CLANG_WARN_UNREACHABLE_CODE = YES;
				CLANG_WARN__DUPLICATE_METHOD_MATCH = YES;
				CODE_SIGN_IDENTITY = "-";
				COMBINE_HIDPI_IMAGES = YES;
				COPY_PHASE_STRIP = NO;
				DEBUG_INFORMATION_FORMAT = "dwarf-with-dsym";
				ENABLE_HARDENED_RUNTIME = YES;
				ENABLE_NS_ASSERTIONS = NO;
				ENABLE_STRICT_OBJC_MSGSEND = YES;
				GCC_C_LANGUAGE_STANDARD = gnu11;
				GCC_NO_COMMON_BLOCKS = YES;
				GCC_WARN_64_TO_32_BIT_CONVERSION = YES;
				GCC_WARN_ABOUT_RETURN_TYPE = YES_ERROR;
				GCC_WARN_UNDECLARED_SELECTOR = YES;
				GCC_WARN_UNINITIALIZED_AUTOS = YES_AGGRESSIVE;
				GCC_WARN_UNUSED_FUNCTION = YES;
				GCC_WARN_UNUSED_VARIABLE = YES;
				MACOSX_DEPLOYMENT_TARGET = 14.0;
				MTL_ENABLE_DEBUG_INFO = NO;
				MTL_FAST_MATH = YES;
				PRODUCT_NAME = "$(TARGET_NAME)";
				SDKROOT = macosx;
				SWIFT_COMPILATION_MODE = wholemodule;
				SWIFT_OPTIMIZATION_LEVEL = "-O";
				SWIFT_VERSION = 5.10;
			};
			name = Release;
		};
/* End XCBuildConfiguration section */

/* Begin XCConfigurationList section */
		BBE5611D14A8A9E79ECEF1AE /* Build configuration list for PBXNativeTarget "OlSystemPreferences" */ = {
			isa = XCConfigurationList;
			buildConfigurations = (
				B2C4CC34ACA7E117C0F9528E /* Debug */,
				77DC2AB98D2EEA4E3610BF1F /* Release */,
			);
			defaultConfigurationIsVisible = 0;
			defaultConfigurationName = Debug;
		};
		FB4879328EEED1F50A9F0626 /* Build configuration list for PBXProject "OlSystemPreferences" */ = {
			isa = XCConfigurationList;
			buildConfigurations = (
				0038887562302AA123664D47 /* Debug */,
				B81FD95B6AEA6358413A7DAE /* Release */,
			);
			defaultConfigurationIsVisible = 0;
			defaultConfigurationName = Debug;
		};
/* End XCConfigurationList section */
	};
	rootObject = 0E50ECBD12854F8639687A2C /* Project object */;
}
